{
    "version": 3,
    "terraform_version": "0.11.8",
    "serial": 10,
    "lineage": "6876b7b7-f1a2-3fb2-9a4a-1a7306fc390a",
    "modules": [
        {
            "path": [
                "root"
            ],
            "outputs": {
                "ip_addresses_nginx": {
                    "sensitive": false,
                    "type": "list",
                    "value": [
                        "ec2-35-154-50-191.ap-south-1.compute.amazonaws.com"
                    ]
                },
                "ip_addresses_nodejs": {
                    "sensitive": false,
                    "type": "list",
                    "value": [
                        "ec2-13-233-28-3.ap-south-1.compute.amazonaws.com"
                    ]
                },
                "ip_addresses_postgres": {
                    "sensitive": false,
                    "type": "list",
                    "value": [
                        "ec2-13-233-28-118.ap-south-1.compute.amazonaws.com"
                    ]
                }
            },
            "resources": {
                "aws_instance.nginx": {
                    "type": "aws_instance",
                    "depends_on": [
                        "aws_security_group.sg",
                        "aws_subnet.public-subnet"
                    ],
                    "primary": {
                        "id": "i-0cf1bacd30fe28a08",
                        "attributes": {
                            "ami": "ami-0d773a3b7bb2bb1c1",
                            "arn": "arn:aws:ec2:ap-south-1:006152293926:instance/i-0cf1bacd30fe28a08",
                            "associate_public_ip_address": "true",
                            "availability_zone": "ap-south-1a",
                            "cpu_core_count": "1",
                            "cpu_threads_per_core": "1",
                            "credit_specification.#": "1",
                            "credit_specification.0.cpu_credits": "standard",
                            "disable_api_termination": "false",
                            "ebs_block_device.#": "0",
                            "ebs_optimized": "false",
                            "ephemeral_block_device.#": "0",
                            "get_password_data": "false",
                            "iam_instance_profile": "",
                            "id": "i-0cf1bacd30fe28a08",
                            "instance_state": "running",
                            "instance_type": "t2.micro",
                            "ipv6_addresses.#": "0",
                            "key_name": "do-auto-prov-key",
                            "monitoring": "false",
                            "network_interface.#": "0",
                            "network_interface_id": "eni-034358ad7e3f8c226",
                            "password_data": "",
                            "placement_group": "",
                            "primary_network_interface_id": "eni-034358ad7e3f8c226",
                            "private_dns": "ip-10-0-1-244.ap-south-1.compute.internal",
                            "private_ip": "10.0.1.244",
                            "public_dns": "ec2-35-154-50-191.ap-south-1.compute.amazonaws.com",
                            "public_ip": "35.154.50.191",
                            "root_block_device.#": "1",
                            "root_block_device.0.delete_on_termination": "true",
                            "root_block_device.0.iops": "100",
                            "root_block_device.0.volume_id": "vol-04a243e9c53d3646d",
                            "root_block_device.0.volume_size": "8",
                            "root_block_device.0.volume_type": "gp2",
                            "security_groups.#": "0",
                            "source_dest_check": "false",
                            "subnet_id": "subnet-081eb9f8679ce3284",
                            "tags.%": "1",
                            "tags.Name": "Nginx",
                            "tenancy": "default",
                            "volume_tags.%": "0",
                            "vpc_security_group_ids.#": "1",
                            "vpc_security_group_ids.3668502820": "sg-03401840a3696bed5"
                        },
                        "meta": {
                            "e2bfb730-ecaa-11e6-8f88-34363bc7c4c0": {
                                "create": 600000000000,
                                "delete": 1200000000000,
                                "update": 600000000000
                            },
                            "schema_version": "1"
                        },
                        "tainted": false
                    },
                    "deposed": [],
                    "provider": "provider.aws"
                },
                "aws_instance.nodejs": {
                    "type": "aws_instance",
                    "depends_on": [
                        "aws_security_group.sg",
                        "aws_subnet.public-subnet"
                    ],
                    "primary": {
                        "id": "i-0d90e885b39de1a19",
                        "attributes": {
                            "ami": "ami-0d773a3b7bb2bb1c1",
                            "arn": "arn:aws:ec2:ap-south-1:006152293926:instance/i-0d90e885b39de1a19",
                            "associate_public_ip_address": "true",
                            "availability_zone": "ap-south-1a",
                            "cpu_core_count": "1",
                            "cpu_threads_per_core": "1",
                            "credit_specification.#": "1",
                            "credit_specification.0.cpu_credits": "standard",
                            "disable_api_termination": "false",
                            "ebs_block_device.#": "0",
                            "ebs_optimized": "false",
                            "ephemeral_block_device.#": "0",
                            "get_password_data": "false",
                            "iam_instance_profile": "",
                            "id": "i-0d90e885b39de1a19",
                            "instance_state": "running",
                            "instance_type": "t2.micro",
                            "ipv6_addresses.#": "0",
                            "key_name": "do-auto-prov-key",
                            "monitoring": "false",
                            "network_interface.#": "0",
                            "network_interface_id": "eni-0b45c8fddd8c83e85",
                            "password_data": "",
                            "placement_group": "",
                            "primary_network_interface_id": "eni-0b45c8fddd8c83e85",
                            "private_dns": "ip-10-0-1-101.ap-south-1.compute.internal",
                            "private_ip": "10.0.1.101",
                            "public_dns": "ec2-13-233-28-3.ap-south-1.compute.amazonaws.com",
                            "public_ip": "13.233.28.3",
                            "root_block_device.#": "1",
                            "root_block_device.0.delete_on_termination": "true",
                            "root_block_device.0.iops": "100",
                            "root_block_device.0.volume_id": "vol-0a0ffec1e3361f31b",
                            "root_block_device.0.volume_size": "8",
                            "root_block_device.0.volume_type": "gp2",
                            "security_groups.#": "0",
                            "source_dest_check": "false",
                            "subnet_id": "subnet-081eb9f8679ce3284",
                            "tags.%": "1",
                            "tags.Name": "NodeJs",
                            "tenancy": "default",
                            "volume_tags.%": "0",
                            "vpc_security_group_ids.#": "1",
                            "vpc_security_group_ids.3668502820": "sg-03401840a3696bed5"
                        },
                        "meta": {
                            "e2bfb730-ecaa-11e6-8f88-34363bc7c4c0": {
                                "create": 600000000000,
                                "delete": 1200000000000,
                                "update": 600000000000
                            },
                            "schema_version": "1"
                        },
                        "tainted": false
                    },
                    "deposed": [],
                    "provider": "provider.aws"
                },
                "aws_instance.postgres": {
                    "type": "aws_instance",
                    "depends_on": [
                        "aws_security_group.sg",
                        "aws_subnet.public-subnet"
                    ],
                    "primary": {
                        "id": "i-09a16b313acb6abff",
                        "attributes": {
                            "ami": "ami-0d773a3b7bb2bb1c1",
                            "arn": "arn:aws:ec2:ap-south-1:006152293926:instance/i-09a16b313acb6abff",
                            "associate_public_ip_address": "true",
                            "availability_zone": "ap-south-1a",
                            "cpu_core_count": "1",
                            "cpu_threads_per_core": "1",
                            "credit_specification.#": "1",
                            "credit_specification.0.cpu_credits": "standard",
                            "disable_api_termination": "false",
                            "ebs_block_device.#": "0",
                            "ebs_optimized": "false",
                            "ephemeral_block_device.#": "0",
                            "get_password_data": "false",
                            "iam_instance_profile": "",
                            "id": "i-09a16b313acb6abff",
                            "instance_state": "running",
                            "instance_type": "t2.micro",
                            "ipv6_addresses.#": "0",
                            "key_name": "do-auto-prov-key",
                            "monitoring": "false",
                            "network_interface.#": "0",
                            "network_interface_id": "eni-003eed539a04a04a1",
                            "password_data": "",
                            "placement_group": "",
                            "primary_network_interface_id": "eni-003eed539a04a04a1",
                            "private_dns": "ip-10-0-1-80.ap-south-1.compute.internal",
                            "private_ip": "10.0.1.80",
                            "public_dns": "ec2-13-233-28-118.ap-south-1.compute.amazonaws.com",
                            "public_ip": "13.233.28.118",
                            "root_block_device.#": "1",
                            "root_block_device.0.delete_on_termination": "true",
                            "root_block_device.0.iops": "100",
                            "root_block_device.0.volume_id": "vol-0a706862705664376",
                            "root_block_device.0.volume_size": "8",
                            "root_block_device.0.volume_type": "gp2",
                            "security_groups.#": "0",
                            "source_dest_check": "false",
                            "subnet_id": "subnet-081eb9f8679ce3284",
                            "tags.%": "1",
                            "tags.Name": "Postgres",
                            "tenancy": "default",
                            "volume_tags.%": "0",
                            "vpc_security_group_ids.#": "1",
                            "vpc_security_group_ids.3668502820": "sg-03401840a3696bed5"
                        },
                        "meta": {
                            "e2bfb730-ecaa-11e6-8f88-34363bc7c4c0": {
                                "create": 600000000000,
                                "delete": 1200000000000,
                                "update": 600000000000
                            },
                            "schema_version": "1"
                        },
                        "tainted": false
                    },
                    "deposed": [],
                    "provider": "provider.aws"
                },
                "aws_internet_gateway.gw": {
                    "type": "aws_internet_gateway",
                    "depends_on": [
                        "aws_vpc.default"
                    ],
                    "primary": {
                        "id": "igw-0075fb9ec0e6a5bcf",
                        "attributes": {
                            "id": "igw-0075fb9ec0e6a5bcf",
                            "tags.%": "1",
                            "tags.environment": "Terraform Demo",
                            "vpc_id": "vpc-09be72cc4ef8f5805"
                        },
                        "meta": {},
                        "tainted": false
                    },
                    "deposed": [],
                    "provider": "provider.aws"
                },
                "aws_route_table.web-public-rt": {
                    "type": "aws_route_table",
                    "depends_on": [
                        "aws_internet_gateway.gw",
                        "aws_vpc.default"
                    ],
                    "primary": {
                        "id": "rtb-0f4c0b6ae15ee8997",
                        "attributes": {
                            "id": "rtb-0f4c0b6ae15ee8997",
                            "propagating_vgws.#": "0",
                            "route.#": "1",
                            "route.1195153082.cidr_block": "0.0.0.0/0",
                            "route.1195153082.egress_only_gateway_id": "",
                            "route.1195153082.gateway_id": "igw-0075fb9ec0e6a5bcf",
                            "route.1195153082.instance_id": "",
                            "route.1195153082.ipv6_cidr_block": "",
                            "route.1195153082.nat_gateway_id": "",
                            "route.1195153082.network_interface_id": "",
                            "route.1195153082.vpc_peering_connection_id": "",
                            "tags.%": "1",
                            "tags.Name": "Public Subnet RT",
                            "vpc_id": "vpc-09be72cc4ef8f5805"
                        },
                        "meta": {},
                        "tainted": false
                    },
                    "deposed": [],
                    "provider": "provider.aws"
                },
                "aws_route_table_association.web-public-rt": {
                    "type": "aws_route_table_association",
                    "depends_on": [
                        "aws_route_table.web-public-rt",
                        "aws_subnet.public-subnet"
                    ],
                    "primary": {
                        "id": "rtbassoc-052f5290c79ccf24e",
                        "attributes": {
                            "id": "rtbassoc-052f5290c79ccf24e",
                            "route_table_id": "rtb-0f4c0b6ae15ee8997",
                            "subnet_id": "subnet-081eb9f8679ce3284"
                        },
                        "meta": {},
                        "tainted": false
                    },
                    "deposed": [],
                    "provider": "provider.aws"
                },
                "aws_security_group.sg": {
                    "type": "aws_security_group",
                    "depends_on": [
                        "aws_vpc.default"
                    ],
                    "primary": {
                        "id": "sg-03401840a3696bed5",
                        "attributes": {
                            "arn": "arn:aws:ec2:ap-south-1:006152293926:security-group/sg-03401840a3696bed5",
                            "description": "Allow incoming HTTP connections \u0026 SSH access",
                            "egress.#": "1",
                            "egress.482069346.cidr_blocks.#": "1",
                            "egress.482069346.cidr_blocks.0": "0.0.0.0/0",
                            "egress.482069346.description": "",
                            "egress.482069346.from_port": "0",
                            "egress.482069346.ipv6_cidr_blocks.#": "0",
                            "egress.482069346.prefix_list_ids.#": "0",
                            "egress.482069346.protocol": "-1",
                            "egress.482069346.security_groups.#": "0",
                            "egress.482069346.self": "false",
                            "egress.482069346.to_port": "0",
                            "id": "sg-03401840a3696bed5",
                            "ingress.#": "5",
                            "ingress.1799340084.cidr_blocks.#": "1",
                            "ingress.1799340084.cidr_blocks.0": "0.0.0.0/0",
                            "ingress.1799340084.description": "",
                            "ingress.1799340084.from_port": "-1",
                            "ingress.1799340084.ipv6_cidr_blocks.#": "0",
                            "ingress.1799340084.prefix_list_ids.#": "0",
                            "ingress.1799340084.protocol": "icmp",
                            "ingress.1799340084.security_groups.#": "0",
                            "ingress.1799340084.self": "false",
                            "ingress.1799340084.to_port": "-1",
                            "ingress.2214680975.cidr_blocks.#": "1",
                            "ingress.2214680975.cidr_blocks.0": "0.0.0.0/0",
                            "ingress.2214680975.description": "",
                            "ingress.2214680975.from_port": "80",
                            "ingress.2214680975.ipv6_cidr_blocks.#": "0",
                            "ingress.2214680975.prefix_list_ids.#": "0",
                            "ingress.2214680975.protocol": "tcp",
                            "ingress.2214680975.security_groups.#": "0",
                            "ingress.2214680975.self": "false",
                            "ingress.2214680975.to_port": "80",
                            "ingress.2541437006.cidr_blocks.#": "1",
                            "ingress.2541437006.cidr_blocks.0": "0.0.0.0/0",
                            "ingress.2541437006.description": "",
                            "ingress.2541437006.from_port": "22",
                            "ingress.2541437006.ipv6_cidr_blocks.#": "0",
                            "ingress.2541437006.prefix_list_ids.#": "0",
                            "ingress.2541437006.protocol": "tcp",
                            "ingress.2541437006.security_groups.#": "0",
                            "ingress.2541437006.self": "false",
                            "ingress.2541437006.to_port": "22",
                            "ingress.2617001939.cidr_blocks.#": "1",
                            "ingress.2617001939.cidr_blocks.0": "0.0.0.0/0",
                            "ingress.2617001939.description": "",
                            "ingress.2617001939.from_port": "443",
                            "ingress.2617001939.ipv6_cidr_blocks.#": "0",
                            "ingress.2617001939.prefix_list_ids.#": "0",
                            "ingress.2617001939.protocol": "tcp",
                            "ingress.2617001939.security_groups.#": "0",
                            "ingress.2617001939.self": "false",
                            "ingress.2617001939.to_port": "443",
                            "ingress.957905739.cidr_blocks.#": "1",
                            "ingress.957905739.cidr_blocks.0": "10.0.1.0/24",
                            "ingress.957905739.description": "",
                            "ingress.957905739.from_port": "3306",
                            "ingress.957905739.ipv6_cidr_blocks.#": "0",
                            "ingress.957905739.prefix_list_ids.#": "0",
                            "ingress.957905739.protocol": "tcp",
                            "ingress.957905739.security_groups.#": "0",
                            "ingress.957905739.self": "false",
                            "ingress.957905739.to_port": "3306",
                            "name": "vpc_test",
                            "owner_id": "006152293926",
                            "revoke_rules_on_delete": "false",
                            "tags.%": "1",
                            "tags.Name": "Security Group SG",
                            "vpc_id": "vpc-09be72cc4ef8f5805"
                        },
                        "meta": {
                            "e2bfb730-ecaa-11e6-8f88-34363bc7c4c0": {
                                "create": 600000000000,
                                "delete": 600000000000
                            },
                            "schema_version": "1"
                        },
                        "tainted": false
                    },
                    "deposed": [],
                    "provider": "provider.aws"
                },
                "aws_subnet.public-subnet": {
                    "type": "aws_subnet",
                    "depends_on": [
                        "aws_vpc.default"
                    ],
                    "primary": {
                        "id": "subnet-081eb9f8679ce3284",
                        "attributes": {
                            "arn": "arn:aws:ec2:ap-south-1:006152293926:subnet/subnet-081eb9f8679ce3284",
                            "assign_ipv6_address_on_creation": "false",
                            "availability_zone": "ap-south-1a",
                            "cidr_block": "10.0.1.0/24",
                            "id": "subnet-081eb9f8679ce3284",
                            "map_public_ip_on_launch": "false",
                            "tags.%": "1",
                            "tags.environment": "Terraform Demo",
                            "vpc_id": "vpc-09be72cc4ef8f5805"
                        },
                        "meta": {
                            "e2bfb730-ecaa-11e6-8f88-34363bc7c4c0": {
                                "create": 600000000000,
                                "delete": 600000000000
                            },
                            "schema_version": "1"
                        },
                        "tainted": false
                    },
                    "deposed": [],
                    "provider": "provider.aws"
                },
                "aws_vpc.default": {
                    "type": "aws_vpc",
                    "depends_on": [],
                    "primary": {
                        "id": "vpc-09be72cc4ef8f5805",
                        "attributes": {
                            "arn": "arn:aws:ec2:ap-south-1:006152293926:vpc/vpc-09be72cc4ef8f5805",
                            "assign_generated_ipv6_cidr_block": "false",
                            "cidr_block": "10.0.0.0/16",
                            "default_network_acl_id": "acl-03c2dae64f8854259",
                            "default_route_table_id": "rtb-04632a12e092adf53",
                            "default_security_group_id": "sg-041b2f26f3b77b49f",
                            "dhcp_options_id": "dopt-1515b07c",
                            "enable_dns_hostnames": "true",
                            "enable_dns_support": "true",
                            "id": "vpc-09be72cc4ef8f5805",
                            "instance_tenancy": "default",
                            "ipv6_association_id": "",
                            "ipv6_cidr_block": "",
                            "main_route_table_id": "rtb-04632a12e092adf53",
                            "tags.%": "1",
                            "tags.environment": "Terraform Demo"
                        },
                        "meta": {
                            "schema_version": "1"
                        },
                        "tainted": false
                    },
                    "deposed": [],
                    "provider": "provider.aws"
                },
                "null_resource.install_script": {
                    "type": "null_resource",
                    "depends_on": [
                        "aws_instance.nginx",
                        "aws_instance.nodejs",
                        "aws_instance.postgres"
                    ],
                    "primary": {
                        "id": "2748506123743178746",
                        "attributes": {
                            "id": "2748506123743178746"
                        },
                        "meta": {},
                        "tainted": true
                    },
                    "deposed": [],
                    "provider": "provider.null"
                }
            },
            "depends_on": []
        }
    ]
}
