{
    "version": 3,
    "terraform_version": "0.11.8",
    "serial": 5,
    "lineage": "4b61a46c-041f-f54d-6995-ae2b2c17cd6d",
    "modules": [
        {
            "path": [
                "root"
            ],
            "outputs": {
                "network_interface_private_ip": {
                    "sensitive": false,
                    "type": "string",
                    "value": "192.168.1.4"
                },
                "public_ip_address": {
                    "sensitive": false,
                    "type": "string",
                    "value": "40.121.46.200"
                }
            },
            "resources": {
                "azurerm_network_interface.terraformNetworkInterface": {
                    "type": "azurerm_network_interface",
                    "depends_on": [
                        "azurerm_network_security_group.terraformNetworkSecurityGroup",
                        "azurerm_public_ip.terraformPublicIP",
                        "azurerm_resource_group.terraformResourceGroup",
                        "azurerm_subnet.terraformSubnet"
                    ],
                    "primary": {
                        "id": "/subscriptions/00cc1463-f070-4167-ba62-f3bc9fd02642/resourceGroups/TerraformGroup/providers/Microsoft.Network/networkInterfaces/NIC",
                        "attributes": {
                            "applied_dns_servers.#": "0",
                            "dns_servers.#": "0",
                            "enable_accelerated_networking": "false",
                            "enable_ip_forwarding": "false",
                            "id": "/subscriptions/00cc1463-f070-4167-ba62-f3bc9fd02642/resourceGroups/TerraformGroup/providers/Microsoft.Network/networkInterfaces/NIC",
                            "internal_dns_name_label": "",
                            "internal_fqdn": "",
                            "ip_configuration.#": "1",
                            "ip_configuration.0.application_gateway_backend_address_pools_ids.#": "0",
                            "ip_configuration.0.application_security_group_ids.#": "0",
                            "ip_configuration.0.load_balancer_backend_address_pools_ids.#": "0",
                            "ip_configuration.0.load_balancer_inbound_nat_rules_ids.#": "0",
                            "ip_configuration.0.name": "NicConfiguration",
                            "ip_configuration.0.primary": "true",
                            "ip_configuration.0.private_ip_address": "",
                            "ip_configuration.0.private_ip_address_allocation": "dynamic",
                            "ip_configuration.0.public_ip_address_id": "/subscriptions/00cc1463-f070-4167-ba62-f3bc9fd02642/resourceGroups/TerraformGroup/providers/Microsoft.Network/publicIPAddresses/PublicIP",
                            "ip_configuration.0.subnet_id": "/subscriptions/00cc1463-f070-4167-ba62-f3bc9fd02642/resourceGroups/TerraformGroup/providers/Microsoft.Network/virtualNetworks/TerraformNetwork/subnets/Subnet-1",
                            "location": "eastus",
                            "mac_address": "",
                            "name": "NIC",
                            "network_security_group_id": "/subscriptions/00cc1463-f070-4167-ba62-f3bc9fd02642/resourceGroups/TerraformGroup/providers/Microsoft.Network/networkSecurityGroups/NetworkSecurityGroup",
                            "private_ip_address": "192.168.1.4",
                            "private_ip_addresses.#": "1",
                            "private_ip_addresses.0": "192.168.1.4",
                            "resource_group_name": "TerraformGroup",
                            "tags.%": "1",
                            "tags.environment": "Terraform Demo"
                        },
                        "meta": {},
                        "tainted": false
                    },
                    "deposed": [],
                    "provider": "provider.azurerm"
                },
                "azurerm_network_security_group.terraformNetworkSecurityGroup": {
                    "type": "azurerm_network_security_group",
                    "depends_on": [
                        "azurerm_resource_group.terraformResourceGroup"
                    ],
                    "primary": {
                        "id": "/subscriptions/00cc1463-f070-4167-ba62-f3bc9fd02642/resourceGroups/TerraformGroup/providers/Microsoft.Network/networkSecurityGroups/NetworkSecurityGroup",
                        "attributes": {
                            "id": "/subscriptions/00cc1463-f070-4167-ba62-f3bc9fd02642/resourceGroups/TerraformGroup/providers/Microsoft.Network/networkSecurityGroups/NetworkSecurityGroup",
                            "location": "eastus",
                            "name": "NetworkSecurityGroup",
                            "resource_group_name": "TerraformGroup",
                            "security_rule.#": "1",
                            "security_rule.2090309246.access": "Allow",
                            "security_rule.2090309246.description": "",
                            "security_rule.2090309246.destination_address_prefix": "*",
                            "security_rule.2090309246.destination_address_prefixes.#": "0",
                            "security_rule.2090309246.destination_application_security_group_ids.#": "0",
                            "security_rule.2090309246.destination_port_range": "22",
                            "security_rule.2090309246.destination_port_ranges.#": "0",
                            "security_rule.2090309246.direction": "Inbound",
                            "security_rule.2090309246.name": "SSH",
                            "security_rule.2090309246.priority": "1001",
                            "security_rule.2090309246.protocol": "Tcp",
                            "security_rule.2090309246.source_address_prefix": "*",
                            "security_rule.2090309246.source_address_prefixes.#": "0",
                            "security_rule.2090309246.source_application_security_group_ids.#": "0",
                            "security_rule.2090309246.source_port_range": "*",
                            "security_rule.2090309246.source_port_ranges.#": "0",
                            "tags.%": "1",
                            "tags.environment": "Terraform Demo"
                        },
                        "meta": {},
                        "tainted": false
                    },
                    "deposed": [],
                    "provider": "provider.azurerm"
                },
                "azurerm_public_ip.terraformPublicIP": {
                    "type": "azurerm_public_ip",
                    "depends_on": [
                        "azurerm_resource_group.terraformResourceGroup"
                    ],
                    "primary": {
                        "id": "/subscriptions/00cc1463-f070-4167-ba62-f3bc9fd02642/resourceGroups/TerraformGroup/providers/Microsoft.Network/publicIPAddresses/PublicIP",
                        "attributes": {
                            "id": "/subscriptions/00cc1463-f070-4167-ba62-f3bc9fd02642/resourceGroups/TerraformGroup/providers/Microsoft.Network/publicIPAddresses/PublicIP",
                            "idle_timeout_in_minutes": "4",
                            "ip_address": "",
                            "ip_version": "IPv4",
                            "location": "eastus",
                            "name": "PublicIP",
                            "public_ip_address_allocation": "Dynamic",
                            "resource_group_name": "TerraformGroup",
                            "sku": "Basic",
                            "tags.%": "1",
                            "tags.environment": "Terraform Demo",
                            "zones.#": "0"
                        },
                        "meta": {},
                        "tainted": false
                    },
                    "deposed": [],
                    "provider": "provider.azurerm"
                },
                "azurerm_resource_group.terraformResourceGroup": {
                    "type": "azurerm_resource_group",
                    "depends_on": [],
                    "primary": {
                        "id": "/subscriptions/00cc1463-f070-4167-ba62-f3bc9fd02642/resourceGroups/TerraformGroup",
                        "attributes": {
                            "id": "/subscriptions/00cc1463-f070-4167-ba62-f3bc9fd02642/resourceGroups/TerraformGroup",
                            "location": "eastus",
                            "name": "TerraformGroup",
                            "tags.%": "1",
                            "tags.environment": "Terraform Demo"
                        },
                        "meta": {},
                        "tainted": false
                    },
                    "deposed": [],
                    "provider": "provider.azurerm"
                },
                "azurerm_subnet.terraformSubnet": {
                    "type": "azurerm_subnet",
                    "depends_on": [
                        "azurerm_resource_group.terraformResourceGroup",
                        "azurerm_virtual_network.terraformVirtualNetwork"
                    ],
                    "primary": {
                        "id": "/subscriptions/00cc1463-f070-4167-ba62-f3bc9fd02642/resourceGroups/TerraformGroup/providers/Microsoft.Network/virtualNetworks/TerraformNetwork/subnets/Subnet-1",
                        "attributes": {
                            "address_prefix": "192.168.1.0/24",
                            "id": "/subscriptions/00cc1463-f070-4167-ba62-f3bc9fd02642/resourceGroups/TerraformGroup/providers/Microsoft.Network/virtualNetworks/TerraformNetwork/subnets/Subnet-1",
                            "ip_configurations.#": "0",
                            "name": "Subnet-1",
                            "resource_group_name": "TerraformGroup",
                            "route_table_id": "",
                            "service_endpoints.#": "0",
                            "virtual_network_name": "TerraformNetwork"
                        },
                        "meta": {},
                        "tainted": false
                    },
                    "deposed": [],
                    "provider": "provider.azurerm"
                },
                "azurerm_virtual_machine.terraformVM": {
                    "type": "azurerm_virtual_machine",
                    "depends_on": [
                        "azurerm_network_interface.terraformNetworkInterface",
                        "azurerm_resource_group.terraformResourceGroup"
                    ],
                    "primary": {
                        "id": "/subscriptions/00cc1463-f070-4167-ba62-f3bc9fd02642/resourceGroups/TerraformGroup/providers/Microsoft.Compute/virtualMachines/VM",
                        "attributes": {
                            "delete_data_disks_on_termination": "false",
                            "delete_os_disk_on_termination": "false",
                            "id": "/subscriptions/00cc1463-f070-4167-ba62-f3bc9fd02642/resourceGroups/TerraformGroup/providers/Microsoft.Compute/virtualMachines/VM",
                            "identity.#": "0",
                            "location": "eastus",
                            "name": "VM",
                            "network_interface_ids.#": "1",
                            "network_interface_ids.0": "/subscriptions/00cc1463-f070-4167-ba62-f3bc9fd02642/resourceGroups/TerraformGroup/providers/Microsoft.Network/networkInterfaces/NIC",
                            "os_profile.#": "1",
                            "os_profile.4254918224.admin_password": "",
                            "os_profile.4254918224.admin_username": "terraform",
                            "os_profile.4254918224.computer_name": "ubuntuweb",
                            "os_profile.4254918224.custom_data": "",
                            "os_profile_linux_config.#": "1",
                            "os_profile_linux_config.2972667452.disable_password_authentication": "false",
                            "os_profile_linux_config.2972667452.ssh_keys.#": "0",
                            "os_profile_secrets.#": "0",
                            "resource_group_name": "TerraformGroup",
                            "storage_data_disk.#": "0",
                            "storage_image_reference.#": "1",
                            "storage_image_reference.363552096.id": "",
                            "storage_image_reference.363552096.offer": "UbuntuServer",
                            "storage_image_reference.363552096.publisher": "Canonical",
                            "storage_image_reference.363552096.sku": "16.04.0-LTS",
                            "storage_image_reference.363552096.version": "latest",
                            "storage_os_disk.#": "1",
                            "storage_os_disk.0.caching": "ReadWrite",
                            "storage_os_disk.0.create_option": "FromImage",
                            "storage_os_disk.0.disk_size_gb": "30",
                            "storage_os_disk.0.image_uri": "",
                            "storage_os_disk.0.managed_disk_id": "/subscriptions/00cc1463-f070-4167-ba62-f3bc9fd02642/resourceGroups/TerraformGroup/providers/Microsoft.Compute/disks/myOsDisk",
                            "storage_os_disk.0.managed_disk_type": "Premium_LRS",
                            "storage_os_disk.0.name": "myOsDisk",
                            "storage_os_disk.0.os_type": "Linux",
                            "storage_os_disk.0.vhd_uri": "",
                            "storage_os_disk.0.write_accelerator_enabled": "false",
                            "tags.%": "1",
                            "tags.environment": "Terraform Demo",
                            "vm_size": "Standard_DS1_v2",
                            "zones.#": "0"
                        },
                        "meta": {},
                        "tainted": false
                    },
                    "deposed": [],
                    "provider": "provider.azurerm"
                },
                "azurerm_virtual_network.terraformVirtualNetwork": {
                    "type": "azurerm_virtual_network",
                    "depends_on": [
                        "azurerm_resource_group.terraformResourceGroup"
                    ],
                    "primary": {
                        "id": "/subscriptions/00cc1463-f070-4167-ba62-f3bc9fd02642/resourceGroups/TerraformGroup/providers/Microsoft.Network/virtualNetworks/TerraformNetwork",
                        "attributes": {
                            "address_space.#": "1",
                            "address_space.0": "192.168.0.0/16",
                            "dns_servers.#": "0",
                            "id": "/subscriptions/00cc1463-f070-4167-ba62-f3bc9fd02642/resourceGroups/TerraformGroup/providers/Microsoft.Network/virtualNetworks/TerraformNetwork",
                            "location": "eastus",
                            "name": "TerraformNetwork",
                            "resource_group_name": "TerraformGroup",
                            "subnet.#": "0",
                            "tags.%": "1",
                            "tags.environment": "Terraform Demo"
                        },
                        "meta": {},
                        "tainted": false
                    },
                    "deposed": [],
                    "provider": "provider.azurerm"
                },
                "data.azurerm_public_ip.terraformPublicIPAddress": {
                    "type": "azurerm_public_ip",
                    "depends_on": [
                        "azurerm_public_ip.terraformPublicIP",
                        "azurerm_virtual_machine.terraformVM"
                    ],
                    "primary": {
                        "id": "/subscriptions/00cc1463-f070-4167-ba62-f3bc9fd02642/resourceGroups/TerraformGroup/providers/Microsoft.Network/publicIPAddresses/PublicIP",
                        "attributes": {
                            "id": "/subscriptions/00cc1463-f070-4167-ba62-f3bc9fd02642/resourceGroups/TerraformGroup/providers/Microsoft.Network/publicIPAddresses/PublicIP",
                            "idle_timeout_in_minutes": "4",
                            "ip_address": "40.121.46.200",
                            "ip_version": "IPv4",
                            "name": "PublicIP",
                            "resource_group_name": "TerraformGroup",
                            "tags.%": "1",
                            "tags.environment": "Terraform Demo"
                        },
                        "meta": {},
                        "tainted": false
                    },
                    "deposed": [],
                    "provider": "provider.azurerm"
                }
            },
            "depends_on": []
        }
    ]
}
